<?xml version="1.0" encoding="utf-8"?>
<Project ToolsVersion="4.0" xmlns="http://schemas.microsoft.com/developer/msbuild/2003">
  <ItemGroup>
    <Filter Include="Components">
      <UniqueIdentifier>{6B7DD516-5735-1764-C03C-F0BFAC13B254}</UniqueIdentifier>
    </Filter>
    <Filter Include="Core">
      <UniqueIdentifier>{2EB4837C-1AEB-840D-C3D7-6A10AFED000F}</UniqueIdentifier>
    </Filter>
    <Filter Include="Graphics">
      <UniqueIdentifier>{1653CE33-0220-293F-2B39-17E717655ECD}</UniqueIdentifier>
    </Filter>
    <Filter Include="Scene">
      <UniqueIdentifier>{B3F7140E-1F0C-3DBF-E88D-E01E546139F0}</UniqueIdentifier>
    </Filter>
    <Filter Include="Systems">
      <UniqueIdentifier>{1DDE831B-89BD-02B7-92D5-8D8DFE336918}</UniqueIdentifier>
    </Filter>
    <Filter Include="Window">
      <UniqueIdentifier>{3DEA79DA-298C-A4B0-1247-B804FE872B01}</UniqueIdentifier>
    </Filter>
  </ItemGroup>
  <ItemGroup>
    <ClInclude Include="src\Components\Transform.h">
      <Filter>Components</Filter>
    </ClInclude>
    <ClInclude Include="src\Core\AEApplication.h">
      <Filter>Core</Filter>
    </ClInclude>
    <ClInclude Include="src\Core\AEpch.h">
      <Filter>Core</Filter>
    </ClInclude>
    <ClInclude Include="src\Core\Logger.h">
      <Filter>Core</Filter>
    </ClInclude>
    <ClInclude Include="src\Core\Timer.h">
      <Filter>Core</Filter>
    </ClInclude>
    <ClInclude Include="src\Core\Utils.h">
      <Filter>Core</Filter>
    </ClInclude>
    <ClInclude Include="src\GameObject.h" />
    <ClInclude Include="src\Graphics\Camera.h">
      <Filter>Graphics</Filter>
    </ClInclude>
    <ClInclude Include="src\Graphics\Mesh.h">
      <Filter>Graphics</Filter>
    </ClInclude>
    <ClInclude Include="src\Graphics\Model.h">
      <Filter>Graphics</Filter>
    </ClInclude>
    <ClInclude Include="src\Graphics\ObjLoader.h">
      <Filter>Graphics</Filter>
    </ClInclude>
    <ClInclude Include="src\Graphics\Shader.h">
      <Filter>Graphics</Filter>
    </ClInclude>
    <ClInclude Include="src\Scene\CubeScene.h">
      <Filter>Scene</Filter>
    </ClInclude>
    <ClInclude Include="src\Scene\IScene.h">
      <Filter>Scene</Filter>
    </ClInclude>
    <ClInclude Include="src\Systems\EntityComponent.h">
      <Filter>Systems</Filter>
    </ClInclude>
    <ClInclude Include="src\Window\Window.h">
      <Filter>Window</Filter>
    </ClInclude>
    <ClInclude Include="src\Graphics\TextureHandler.h" />
  </ItemGroup>
  <ItemGroup>
    <ClCompile Include="src\Core\AEApplication.cpp">
      <Filter>Core</Filter>
    </ClCompile>
    <ClCompile Include="src\Core\AEpch.cpp">
      <Filter>Core</Filter>
    </ClCompile>
    <ClCompile Include="src\Core\Logger.cpp">
      <Filter>Core</Filter>
    </ClCompile>
    <ClCompile Include="src\Core\Utils.cpp">
      <Filter>Core</Filter>
    </ClCompile>
    <ClCompile Include="src\Core\main.cpp">
      <Filter>Core</Filter>
    </ClCompile>
    <ClCompile Include="src\GameObject.cpp" />
    <ClCompile Include="src\Graphics\Camera.cpp">
      <Filter>Graphics</Filter>
    </ClCompile>
    <ClCompile Include="src\Graphics\Mesh.cpp">
      <Filter>Graphics</Filter>
    </ClCompile>
    <ClCompile Include="src\Graphics\Model.cpp">
      <Filter>Graphics</Filter>
    </ClCompile>
    <ClCompile Include="src\Graphics\ObjLoader.cpp">
      <Filter>Graphics</Filter>
    </ClCompile>
    <ClCompile Include="src\Graphics\Shader.cpp">
      <Filter>Graphics</Filter>
    </ClCompile>
    <ClCompile Include="src\Scene\CubeScene.cpp">
      <Filter>Scene</Filter>
    </ClCompile>
    <ClCompile Include="src\Window\Window.cpp">
      <Filter>Window</Filter>
    </ClCompile>
    <ClCompile Include="src\Graphics\TextureHandler.cpp" />
  </ItemGroup>
</Project>